// !$*UTF8*$!
{
	archiveVersion = 1;
	classes = {
	};
	objectVersion = 46;
	objects = {

/* Begin PBXBuildFile section */
		2E1049471E68E6A200118899 /* AppDelegate.swift in Sources */ = {isa = PBXBuildFile; fileRef = 2E1049461E68E6A200118899 /* AppDelegate.swift */; };
		2E1049491E68E6A200118899 /* MoviesViewController.swift in Sources */ = {isa = PBXBuildFile; fileRef = 2E1049481E68E6A200118899 /* MoviesViewController.swift */; };
		2E10494C1E68E6A200118899 /* Main.storyboard in Resources */ = {isa = PBXBuildFile; fileRef = 2E10494A1E68E6A200118899 /* Main.storyboard */; };
		2E10494E1E68E6A200118899 /* Assets.xcassets in Resources */ = {isa = PBXBuildFile; fileRef = 2E10494D1E68E6A200118899 /* Assets.xcassets */; };
		2E1049511E68E6A200118899 /* LaunchScreen.storyboard in Resources */ = {isa = PBXBuildFile; fileRef = 2E10494F1E68E6A200118899 /* LaunchScreen.storyboard */; };
		2EB5CDBE1E6B5E1000BABF16 /* MovieCell.swift in Sources */ = {isa = PBXBuildFile; fileRef = 2EB5CDBD1E6B5E1000BABF16 /* MovieCell.swift */; };
		792213B7758CA04B05A3EF3E /* Pods_MyFlixter.framework in Frameworks */ = {isa = PBXBuildFile; fileRef = 720407A2A63CEBD14A7EA203 /* Pods_MyFlixter.framework */; };
/* End PBXBuildFile section */

/* Begin PBXFileReference section */
		2E1049431E68E6A200118899 /* MyFlixter.app */ = {isa = PBXFileReference; explicitFileType = wrapper.application; includeInIndex = 0; path = MyFlixter.app; sourceTree = BUILT_PRODUCTS_DIR; };
		2E1049461E68E6A200118899 /* AppDelegate.swift */ = {isa = PBXFileReference; lastKnownFileType = sourcecode.swift; path = AppDelegate.swift; sourceTree = "<group>"; };
		2E1049481E68E6A200118899 /* MoviesViewController.swift */ = {isa = PBXFileReference; lastKnownFileType = sourcecode.swift; path = MoviesViewController.swift; sourceTree = "<group>"; };
		2E10494B1E68E6A200118899 /* Base */ = {isa = PBXFileReference; lastKnownFileType = file.storyboard; name = Base; path = Base.lproj/Main.storyboard; sourceTree = "<group>"; };
		2E10494D1E68E6A200118899 /* Assets.xcassets */ = {isa = PBXFileReference; lastKnownFileType = folder.assetcatalog; path = Assets.xcassets; sourceTree = "<group>"; };
		2E1049501E68E6A200118899 /* Base */ = {isa = PBXFileReference; lastKnownFileType = file.storyboard; name = Base; path = Base.lproj/LaunchScreen.storyboard; sourceTree = "<group>"; };
		2E1049521E68E6A200118899 /* Info.plist */ = {isa = PBXFileReference; lastKnownFileType = text.plist.xml; path = Info.plist; sourceTree = "<group>"; };
		2EB5CDBD1E6B5E1000BABF16 /* MovieCell.swift */ = {isa = PBXFileReference; fileEncoding = 4; lastKnownFileType = sourcecode.swift; path = MovieCell.swift; sourceTree = "<group>"; };
		3BA7DC6595897BA7862DD8AB /* Pods-MyFlixter.release.xcconfig */ = {isa = PBXFileReference; includeInIndex = 1; lastKnownFileType = text.xcconfig; name = "Pods-MyFlixter.release.xcconfig"; path = "Pods/Target Support Files/Pods-MyFlixter/Pods-MyFlixter.release.xcconfig"; sourceTree = "<group>"; };
		720407A2A63CEBD14A7EA203 /* Pods_MyFlixter.framework */ = {isa = PBXFileReference; explicitFileType = wrapper.framework; includeInIndex = 0; name = Pods_MyFlixter.framework; path = "../../../../../../../../../Users/franciscodelgado/Library/Developer/Xcode/DerivedData/MyFlixter-btjdcjzmhomkxrakwzduebqwpclu/Build/Products/Debug-iphoneos/Pods_MyFlixter.framework"; sourceTree = SDKROOT; };
		F5A5174478A831279DECFFB7 /* Pods-MyFlixter.debug.xcconfig */ = {isa = PBXFileReference; includeInIndex = 1; lastKnownFileType = text.xcconfig; name = "Pods-MyFlixter.debug.xcconfig"; path = "Pods/Target Support Files/Pods-MyFlixter/Pods-MyFlixter.debug.xcconfig"; sourceTree = "<group>"; };
/* End PBXFileReference section */

/* Begin PBXFrameworksBuildPhase section */
		2E1049401E68E6A200118899 /* Frameworks */ = {
			isa = PBXFrameworksBuildPhase;
			buildActionMask = 2147483647;
			files = (
				792213B7758CA04B05A3EF3E /* Pods_MyFlixter.framework in Frameworks */,
			);
			runOnlyForDeploymentPostprocessing = 0;
		};
/* End PBXFrameworksBuildPhase section */

/* Begin PBXGroup section */
		0054F934C91CC6416EECDEBB /* Pods */ = {
			isa = PBXGroup;
			children = (
				F5A5174478A831279DECFFB7 /* Pods-MyFlixter.debug.xcconfig */,
				3BA7DC6595897BA7862DD8AB /* Pods-MyFlixter.release.xcconfig */,
			);
			name = Pods;
			sourceTree = "<group>";
		};
		2E10493A1E68E6A200118899 = {
			isa = PBXGroup;
			children = (
				2E1049451E68E6A200118899 /* MyFlixter */,
				2E1049441E68E6A200118899 /* Products */,
				0054F934C91CC6416EECDEBB /* Pods */,
				E432EB54C50D5C2BDDB7956B /* Frameworks */,
			);
			sourceTree = "<group>";
		};
		2E1049441E68E6A200118899 /* Products */ = {
			isa = PBXGroup;
			children = (
				2E1049431E68E6A200118899 /* MyFlixter.app */,
			);
			name = Products;
			sourceTree = "<group>";
		};
		2E1049451E68E6A200118899 /* MyFlixter */ = {
			isa = PBXGroup;
			children = (
				2ED82E581E68F56100BD98C2 /* View Controllers */,
				2ED82E571E68F55800BD98C2 /* Views */,
				2ED82E561E68F54C00BD98C2 /* Models */,
				2E1049461E68E6A200118899 /* AppDelegate.swift */,
				2E10494A1E68E6A200118899 /* Main.storyboard */,
				2E10494D1E68E6A200118899 /* Assets.xcassets */,
				2E10494F1E68E6A200118899 /* LaunchScreen.storyboard */,
				2E1049521E68E6A200118899 /* Info.plist */,
			);
			path = MyFlixter;
			sourceTree = "<group>";
		};
		2ED82E561E68F54C00BD98C2 /* Models */ = {
			isa = PBXGroup;
			children = (
			);
			name = Models;
			sourceTree = "<group>";
		};
		2ED82E571E68F55800BD98C2 /* Views */ = {
			isa = PBXGroup;
			children = (
				2EB5CDBD1E6B5E1000BABF16 /* MovieCell.swift */,
			);
			name = Views;
			sourceTree = "<group>";
		};
		2ED82E581E68F56100BD98C2 /* View Controllers */ = {
			isa = PBXGroup;
			children = (
				2E1049481E68E6A200118899 /* MoviesViewController.swift */,
			);
			name = "View Controllers";
			sourceTree = "<group>";
		};
		E432EB54C50D5C2BDDB7956B /* Frameworks */ = {
			isa = PBXGroup;
			children = (
				720407A2A63CEBD14A7EA203 /* Pods_MyFlixter.framework */,
			);
			name = Frameworks;
			path = ../../../../../../../../../Users/franciscodelgado/github/ios_apps/MyFlixter;
			sourceTree = SDKROOT;
		};
/* End PBXGroup section */

/* Begin PBXNativeTarget section */
		2E1049421E68E6A200118899 /* MyFlixter */ = {
			isa = PBXNativeTarget;
			buildConfigurationList = 2E1049551E68E6A200118899 /* Build configuration list for PBXNativeTarget "MyFlixter" */;
			buildPhases = (
				BF7A3225587DAB2C1622B316 /* [CP] Check Pods Manifest.lock */,
				2E10493F1E68E6A200118899 /* Sources */,
				2E1049401E68E6A200118899 /* Frameworks */,
				2E1049411E68E6A200118899 /* Resources */,
				E1F5D3E0E606270827331424 /* [CP] Embed Pods Frameworks */,
				091BF0917F48FF03D9CBF7B5 /* [CP] Copy Pods Resources */,
			);
			buildRules = (
			);
			dependencies = (
			);
			name = MyFlixter;
			productName = MyFlixter;
			productReference = 2E1049431E68E6A200118899 /* MyFlixter.app */;
			productType = "com.apple.product-type.application";
		};
/* End PBXNativeTarget section */

/* Begin PBXProject section */
		2E10493B1E68E6A200118899 /* Project object */ = {
			isa = PBXProject;
			attributes = {
				LastSwiftUpdateCheck = 0820;
				LastUpgradeCheck = 0820;
				ORGANIZATIONNAME = "Francisco  Delgado";
				TargetAttributes = {
					2E1049421E68E6A200118899 = {
						CreatedOnToolsVersion = 8.2.1;
						DevelopmentTeam = E8HKT5S82X;
						ProvisioningStyle = Automatic;
					};
				};
			};
			buildConfigurationList = 2E10493E1E68E6A200118899 /* Build configuration list for PBXProject "MyFlixter" */;
			compatibilityVersion = "Xcode 3.2";
			developmentRegion = English;
			hasScannedForEncodings = 0;
			knownRegions = (
				en,
				Base,
			);
			mainGroup = 2E10493A1E68E6A200118899;
			productRefGroup = 2E1049441E68E6A200118899 /* Products */;
			projectDirPath = "";
			projectRoot = "";
			targets = (
				2E1049421E68E6A200118899 /* MyFlixter */,
			);
		};
/* End PBXProject section */

/* Begin PBXResourcesBuildPhase section */
		2E1049411E68E6A200118899 /* Resources */ = {
			isa = PBXResourcesBuildPhase;
			buildActionMask = 2147483647;
			files = (
				2E1049511E68E6A200118899 /* LaunchScreen.storyboard in Resources */,
				2E10494E1E68E6A200118899 /* Assets.xcassets in Resources */,
				2E10494C1E68E6A200118899 /* Main.storyboard in Resources */,
			);
			runOnlyForDeploymentPostprocessing = 0;
		};
/* End PBXResourcesBuildPhase section */

/* Begin PBXShellScriptBuildPhase section */
		091BF0917F48FF03D9CBF7B5 /* [CP] Copy Pods Resources */ = {
			isa = PBXShellScriptBuildPhase;
			buildActionMask = 2147483647;
			files = (
			);
			inputPaths = (
			);
			name = "[CP] Copy Pods Resources";
			outputPaths = (
			);
			runOnlyForDeploymentPostprocessing = 0;
			shellPath = /bin/sh;
			shellScript = "\"${SRCROOT}/Pods/Target Support Files/Pods-MyFlixter/Pods-MyFlixter-resources.sh\"\n";
			showEnvVarsInLog = 0;
		};
		BF7A3225587DAB2C1622B316 /* [CP] Check Pods Manifest.lock */ = {
			isa = PBXShellScriptBuildPhase;
			buildActionMask = 2147483647;
			files = (
			);
			inputPaths = (
			);
			name = "[CP] Check Pods Manifest.lock";
			outputPaths = (
			);
			runOnlyForDeploymentPostprocessing = 0;
			shellPath = /bin/sh;
			shellScript = "diff \"${PODS_ROOT}/../Podfile.lock\" \"${PODS_ROOT}/Manifest.lock\" > /dev/null\nif [ $? != 0 ] ; then\n    # print error to STDERR\n    echo \"error: The sandbox is not in sync with the Podfile.lock. Run 'pod install' or update your CocoaPods installation.\" >&2\n    exit 1\nfi\n";
			showEnvVarsInLog = 0;
		};
		E1F5D3E0E606270827331424 /* [CP] Embed Pods Frameworks */ = {
			isa = PBXShellScriptBuildPhase;
			buildActionMask = 2147483647;
			files = (
			);
			inputPaths = (
			);
			name = "[CP] Embed Pods Frameworks";
			outputPaths = (
			);
			runOnlyForDeploymentPostprocessing = 0;
			shellPath = /bin/sh;
			shellScript = "\"${SRCROOT}/Pods/Target Support Files/Pods-MyFlixter/Pods-MyFlixter-frameworks.sh\"\n";
			showEnvVarsInLog = 0;
		};
/* End PBXShellScriptBuildPhase section */

/* Begin PBXSourcesBuildPhase section */
		2E10493F1E68E6A200118899 /* Sources */ = {
			isa = PBXSourcesBuildPhase;
			buildActionMask = 2147483647;
			files = (
				2E1049491E68E6A200118899 /* MoviesViewController.swift in Sources */,
				2E1049471E68E6A200118899 /* AppDelegate.swift in Sources */,
				2EB5CDBE1E6B5E1000BABF16 /* MovieCell.swift in Sources */,
			);
			runOnlyForDeploymentPostprocessing = 0;
		};
/* End PBXSourcesBuildPhase section */

/* Begin PBXVariantGroup section */
		2E10494A1E68E6A200118899 /* Main.storyboard */ = {
			isa = PBXVariantGroup;
			children = (
				2E10494B1E68E6A200118899 /* Base */,
			);
			name = Main.storyboard;
			sourceTree = "<group>";
		};
		2E10494F1E68E6A200118899 /* LaunchScreen.storyboard */ = {
			isa = PBXVariantGroup;
			children = (
				2E1049501E68E6A200118899 /* Base */,
			);
			name = LaunchScreen.storyboard;
			sourceTree = "<group>";
		};
/* End PBXVariantGroup section */

/* Begin XCBuildConfiguration section */
		2E1049531E68E6A200118899 /* Debug */ = {
			isa = XCBuildConfiguration;
			buildSettings = {
				ALWAYS_SEARCH_USER_PATHS = NO;
				CLANG_ANALYZER_NONNULL = YES;
				CLANG_CXX_LANGUAGE_STANDARD = "gnu++0x";
				CLANG_CXX_LIBRARY = "libc++";
				CLANG_ENABLE_MODULES = YES;
				CLANG_ENABLE_OBJC_ARC = YES;
				CLANG_WARN_BOOL_CONVERSION = YES;
				CLANG_WARN_CONSTANT_CONVERSION = YES;
				CLANG_WARN_DIRECT_OBJC_ISA_USAGE = YES_ERROR;
				CLANG_WARN_DOCUMENTATION_COMMENTS = YES;
				CLANG_WARN_EMPTY_BODY = YES;
				CLANG_WARN_ENUM_CONVERSION = YES;
				CLANG_WARN_INFINITE_RECURSION = YES;
				CLANG_WARN_INT_CONVERSION = YES;
				CLANG_WARN_OBJC_ROOT_CLASS = YES_ERROR;
				CLANG_WARN_SUSPICIOUS_MOVE = YES;
				CLANG_WARN_UNREACHABLE_CODE = YES;
				CLANG_WARN__DUPLICATE_METHOD_MATCH = YES;
				"CODE_SIGN_IDENTITY[sdk=iphoneos*]" = "iPhone Developer";
				COPY_PHASE_STRIP = NO;
				DEBUG_INFORMATION_FORMAT = dwarf;
				ENABLE_STRICT_OBJC_MSGSEND = YES;
				ENABLE_TESTABILITY = YES;
				GCC_C_LANGUAGE_STANDARD = gnu99;
				GCC_DYNAMIC_NO_PIC = NO;
				GCC_NO_COMMON_BLOCKS = YES;
				GCC_OPTIMIZATION_LEVEL = 0;
				GCC_PREPROCESSOR_DEFINITIONS = (
					"DEBUG=1",
					"$(inherited)",
				);
				GCC_WARN_64_TO_32_BIT_CONVERSION = YES;
				GCC_WARN_ABOUT_RETURN_TYPE = YES_ERROR;
				GCC_WARN_UNDECLARED_SELECTOR = YES;
				GCC_WARN_UNINITIALIZED_AUTOS = YES_AGGRESSIVE;
				GCC_WARN_UNUSED_FUNCTION = YES;
				GCC_WARN_UNUSED_VARIABLE = YES;
				IPHONEOS_DEPLOYMENT_TARGET = 10.2;
				MTL_ENABLE_DEBUG_INFO = YES;
				ONLY_ACTIVE_ARCH = YES;
				SDKROOT = iphoneos;
				SWIFT_ACTIVE_COMPILATION_CONDITIONS = DEBUG;
				SWIFT_OPTIMIZATION_LEVEL = "-Onone";
			};
			name = Debug;
		};
		2E1049541E68E6A200118899 /* Release */ = {
			isa = XCBuildConfiguration;
			buildSettings = {
				ALWAYS_SEARCH_USER_PATHS = NO;
				CLANG_ANALYZER_NONNULL = YES;
				CLANG_CXX_LANGUAGE_STANDARD = "gnu++0x";
				CLANG_CXX_LIBRARY = "libc++";
				CLANG_ENABLE_MODULES = YES;
				CLANG_ENABLE_OBJC_ARC = YES;
				CLANG_WARN_BOOL_CONVERSION = YES;
				CLANG_WARN_CONSTANT_CONVERSION = YES;
				CLANG_WARN_DIRECT_OBJC_ISA_USAGE = YES_ERROR;
				CLANG_WARN_DOCUMENTATION_COMMENTS = YES;
				CLANG_WARN_EMPTY_BODY = YES;
				CLANG_WARN_ENUM_CONVERSION = YES;
				CLANG_WARN_INFINITE_RECURSION = YES;
				CLANG_WARN_INT_CONVERSION = YES;
				CLANG_WARN_OBJC_ROOT_CLASS = YES_ERROR;
				CLANG_WARN_SUSPICIOUS_MOVE = YES;
				CLANG_WARN_UNREACHABLE_CODE = YES;
				CLANG_WARN__DUPLICATE_METHOD_MATCH = YES;
				"CODE_SIGN_IDENTITY[sdk=iphoneos*]" = "iPhone Developer";
				COPY_PHASE_STRIP = NO;
				DEBUG_INFORMATION_FORMAT = "dwarf-with-dsym";
				ENABLE_NS_ASSERTIONS = NO;
				ENABLE_STRICT_OBJC_MSGSEND = YES;
				GCC_C_LANGUAGE_STANDARD = gnu99;
				GCC_NO_COMMON_BLOCKS = YES;
				GCC_WARN_64_TO_32_BIT_CONVERSION = YES;
				GCC_WARN_ABOUT_RETURN_TYPE = YES_ERROR;
				GCC_WARN_UNDECLARED_SELECTOR = YES;
				GCC_WARN_UNINITIALIZED_AUTOS = YES_AGGRESSIVE;
				GCC_WARN_UNUSED_FUNCTION = YES;
				GCC_WARN_UNUSED_VARIABLE = YES;
				IPHONEOS_DEPLOYMENT_TARGET = 10.2;
				MTL_ENABLE_DEBUG_INFO = NO;
				SDKROOT = iphoneos;
				SWIFT_OPTIMIZATION_LEVEL = "-Owholemodule";
				VALIDATE_PRODUCT = YES;
			};
			name = Release;
		};
		2E1049561E68E6A200118899 /* Debug */ = {
			isa = XCBuildConfiguration;
			baseConfigurationReference = F5A5174478A831279DECFFB7 /* Pods-MyFlixter.debug.xcconfig */;
			buildSettings = {
				ASSETCATALOG_COMPILER_APPICON_NAME = AppIcon;
				DEVELOPMENT_TEAM = E8HKT5S82X;
				INFOPLIST_FILE = MyFlixter/Info.plist;
				LD_RUNPATH_SEARCH_PATHS = "$(inherited) @executable_path/Frameworks";
				PRODUCT_BUNDLE_IDENTIFIER = io.github.francisdelgad.MyFlixter;
				PRODUCT_NAME = "$(TARGET_NAME)";
				SWIFT_VERSION = 3.0;
			};
			name = Debug;
		};
		2E1049571E68E6A200118899 /* Release */ = {
			isa = XCBuildConfiguration;
			baseConfigurationReference = 3BA7DC6595897BA7862DD8AB /* Pods-MyFlixter.release.xcconfig */;
			buildSettings = {
				ASSETCATALOG_COMPILER_APPICON_NAME = AppIcon;
				DEVELOPMENT_TEAM = E8HKT5S82X;
				INFOPLIST_FILE = MyFlixter/Info.plist;
				LD_RUNPATH_SEARCH_PATHS = "$(inherited) @executable_path/Frameworks";
				PRODUCT_BUNDLE_IDENTIFIER = io.github.francisdelgad.MyFlixter;
				PRODUCT_NAME = "$(TARGET_NAME)";
				SWIFT_VERSION = 3.0;
			};
			name = Release;
		};
/* End XCBuildConfiguration section */

/* Begin XCConfigurationList section */
		2E10493E1E68E6A200118899 /* Build configuration list for PBXProject "MyFlixter" */ = {
			isa = XCConfigurationList;
			buildConfigurations = (
				2E1049531E68E6A200118899 /* Debug */,
				2E1049541E68E6A200118899 /* Release */,
			);
			defaultConfigurationIsVisible = 0;
			defaultConfigurationName = Release;
		};
		2E1049551E68E6A200118899 /* Build configuration list for PBXNativeTarget "MyFlixter" */ = {
			isa = XCConfigurationList;
			buildConfigurations = (
				2E1049561E68E6A200118899 /* Debug */,
				2E1049571E68E6A200118899 /* Release */,
			);
			defaultConfigurationIsVisible = 0;
			defaultConfigurationName = Release;
		};
/* End XCConfigurationList section */
	};
	rootObject = 2E10493B1E68E6A200118899 /* Project object */;
}
